
Microsoft Visual Studio Solution File, Format Version 12.00
# Visual Studio 15
VisualStudioVersion = 15.0.26124.0
MinimumVisualStudioVersion = 15.0.26124.0
Project("{2150E333-8FDC-42A3-9474-1A3956D46DE8}") = "src", "src", "{8214FB3F-86C3-4A57-8A11-E88EB2F3CB38}"
EndProject
Project("{FAE04EC0-301F-11D3-BF4B-00C04F79EFBC}") = "IdentityServer", "src\IdentityServer\IdentityServer.csproj", "{7E8CD1E8-D72B-49C4-BE44-5C95B4C5234D}"
EndProject
Project("{FAE04EC0-301F-11D3-BF4B-00C04F79EFBC}") = "Api", "src\Api\Api.csproj", "{4E35DD6E-D9D1-4809-A504-C0CDBAD4ED46}"
EndProject
Project("{FAE04EC0-301F-11D3-BF4B-00C04F79EFBC}") = "Client", "src\Client\Client.csproj", "{B9CF73BB-17B7-4028-A308-1FBD315D5506}"
EndProject
Project("{FAE04EC0-301F-11D3-BF4B-00C04F79EFBC}") = "MvcClient", "src\MvcClient\MvcClient.csproj", "{3D9C224D-2B14-4E84-8F94-ACD77599F29D}"
EndProject
Global
	GlobalSection(SolutionConfigurationPlatforms) = preSolution
		Debug|Any CPU = Debug|Any CPU
		Debug|x64 = Debug|x64
		Debug|x86 = Debug|x86
		Release|Any CPU = Release|Any CPU
		Release|x64 = Release|x64
		Release|x86 = Release|x86
	EndGlobalSection
	GlobalSection(SolutionProperties) = preSolution
		HideSolutionNode = FALSE
	EndGlobalSection
	GlobalSection(ProjectConfigurationPlatforms) = postSolution
		{7E8CD1E8-D72B-49C4-BE44-5C95B4C5234D}.Debug|Any CPU.ActiveCfg = Debug|Any CPU
		{7E8CD1E8-D72B-49C4-BE44-5C95B4C5234D}.Debug|Any CPU.Build.0 = Debug|Any CPU
		{7E8CD1E8-D72B-49C4-BE44-5C95B4C5234D}.Debug|x64.ActiveCfg = Debug|Any CPU
		{7E8CD1E8-D72B-49C4-BE44-5C95B4C5234D}.Debug|x64.Build.0 = Debug|Any CPU
		{7E8CD1E8-D72B-49C4-BE44-5C95B4C5234D}.Debug|x86.ActiveCfg = Debug|Any CPU
		{7E8CD1E8-D72B-49C4-BE44-5C95B4C5234D}.Debug|x86.Build.0 = Debug|Any CPU
		{7E8CD1E8-D72B-49C4-BE44-5C95B4C5234D}.Release|Any CPU.ActiveCfg = Release|Any CPU
		{7E8CD1E8-D72B-49C4-BE44-5C95B4C5234D}.Release|Any CPU.Build.0 = Release|Any CPU
		{7E8CD1E8-D72B-49C4-BE44-5C95B4C5234D}.Release|x64.ActiveCfg = Release|Any CPU
		{7E8CD1E8-D72B-49C4-BE44-5C95B4C5234D}.Release|x64.Build.0 = Release|Any CPU
		{7E8CD1E8-D72B-49C4-BE44-5C95B4C5234D}.Release|x86.ActiveCfg = Release|Any CPU
		{7E8CD1E8-D72B-49C4-BE44-5C95B4C5234D}.Release|x86.Build.0 = Release|Any CPU
		{4E35DD6E-D9D1-4809-A504-C0CDBAD4ED46}.Debug|Any CPU.ActiveCfg = Debug|Any CPU
		{4E35DD6E-D9D1-4809-A504-C0CDBAD4ED46}.Debug|Any CPU.Build.0 = Debug|Any CPU
		{4E35DD6E-D9D1-4809-A504-C0CDBAD4ED46}.Debug|x64.ActiveCfg = Debug|Any CPU
		{4E35DD6E-D9D1-4809-A504-C0CDBAD4ED46}.Debug|x64.Build.0 = Debug|Any CPU
		{4E35DD6E-D9D1-4809-A504-C0CDBAD4ED46}.Debug|x86.ActiveCfg = Debug|Any CPU
		{4E35DD6E-D9D1-4809-A504-C0CDBAD4ED46}.Debug|x86.Build.0 = Debug|Any CPU
		{4E35DD6E-D9D1-4809-A504-C0CDBAD4ED46}.Release|Any CPU.ActiveCfg = Release|Any CPU
		{4E35DD6E-D9D1-4809-A504-C0CDBAD4ED46}.Release|Any CPU.Build.0 = Release|Any CPU
		{4E35DD6E-D9D1-4809-A504-C0CDBAD4ED46}.Release|x64.ActiveCfg = Release|Any CPU
		{4E35DD6E-D9D1-4809-A504-C0CDBAD4ED46}.Release|x64.Build.0 = Release|Any CPU
		{4E35DD6E-D9D1-4809-A504-C0CDBAD4ED46}.Release|x86.ActiveCfg = Release|Any CPU
		{4E35DD6E-D9D1-4809-A504-C0CDBAD4ED46}.Release|x86.Build.0 = Release|Any CPU
		{B9CF73BB-17B7-4028-A308-1FBD315D5506}.Debug|Any CPU.ActiveCfg = Debug|Any CPU
		{B9CF73BB-17B7-4028-A308-1FBD315D5506}.Debug|Any CPU.Build.0 = Debug|Any CPU
		{B9CF73BB-17B7-4028-A308-1FBD315D5506}.Debug|x64.ActiveCfg = Debug|Any CPU
		{B9CF73BB-17B7-4028-A308-1FBD315D5506}.Debug|x64.Build.0 = Debug|Any CPU
		{B9CF73BB-17B7-4028-A308-1FBD315D5506}.Debug|x86.ActiveCfg = Debug|Any CPU
		{B9CF73BB-17B7-4028-A308-1FBD315D5506}.Debug|x86.Build.0 = Debug|Any CPU
		{B9CF73BB-17B7-4028-A308-1FBD315D5506}.Release|Any CPU.ActiveCfg = Release|Any CPU
		{B9CF73BB-17B7-4028-A308-1FBD315D5506}.Release|Any CPU.Build.0 = Release|Any CPU
		{B9CF73BB-17B7-4028-A308-1FBD315D5506}.Release|x64.ActiveCfg = Release|Any CPU
		{B9CF73BB-17B7-4028-A308-1FBD315D5506}.Release|x64.Build.0 = Release|Any CPU
		{B9CF73BB-17B7-4028-A308-1FBD315D5506}.Release|x86.ActiveCfg = Release|Any CPU
		{B9CF73BB-17B7-4028-A308-1FBD315D5506}.Release|x86.Build.0 = Release|Any CPU
		{3D9C224D-2B14-4E84-8F94-ACD77599F29D}.Debug|Any CPU.ActiveCfg = Debug|Any CPU
		{3D9C224D-2B14-4E84-8F94-ACD77599F29D}.Debug|Any CPU.Build.0 = Debug|Any CPU
		{3D9C224D-2B14-4E84-8F94-ACD77599F29D}.Debug|x64.ActiveCfg = Debug|Any CPU
		{3D9C224D-2B14-4E84-8F94-ACD77599F29D}.Debug|x64.Build.0 = Debug|Any CPU
		{3D9C224D-2B14-4E84-8F94-ACD77599F29D}.Debug|x86.ActiveCfg = Debug|Any CPU
		{3D9C224D-2B14-4E84-8F94-ACD77599F29D}.Debug|x86.Build.0 = Debug|Any CPU
		{3D9C224D-2B14-4E84-8F94-ACD77599F29D}.Release|Any CPU.ActiveCfg = Release|Any CPU
		{3D9C224D-2B14-4E84-8F94-ACD77599F29D}.Release|Any CPU.Build.0 = Release|Any CPU
		{3D9C224D-2B14-4E84-8F94-ACD77599F29D}.Release|x64.ActiveCfg = Release|Any CPU
		{3D9C224D-2B14-4E84-8F94-ACD77599F29D}.Release|x64.Build.0 = Release|Any CPU
		{3D9C224D-2B14-4E84-8F94-ACD77599F29D}.Release|x86.ActiveCfg = Release|Any CPU
		{3D9C224D-2B14-4E84-8F94-ACD77599F29D}.Release|x86.Build.0 = Release|Any CPU
	EndGlobalSection
	GlobalSection(NestedProjects) = preSolution
		{7E8CD1E8-D72B-49C4-BE44-5C95B4C5234D} = {8214FB3F-86C3-4A57-8A11-E88EB2F3CB38}
		{4E35DD6E-D9D1-4809-A504-C0CDBAD4ED46} = {8214FB3F-86C3-4A57-8A11-E88EB2F3CB38}
		{B9CF73BB-17B7-4028-A308-1FBD315D5506} = {8214FB3F-86C3-4A57-8A11-E88EB2F3CB38}
		{3D9C224D-2B14-4E84-8F94-ACD77599F29D} = {8214FB3F-86C3-4A57-8A11-E88EB2F3CB38}
	EndGlobalSection
EndGlobal
